<?xml version="1.0" encoding="utf-8"?>
<Project ToolsVersion="4.0" xmlns="http://schemas.microsoft.com/developer/msbuild/2003">
  <ItemGroup>
    <Filter Include="Platform">
      <UniqueIdentifier>{2AC788B4-1694-E3BF-3FAD-D1672BD9184E}</UniqueIdentifier>
    </Filter>
    <Filter Include="Platform\Windows">
      <UniqueIdentifier>{64FBD71A-50F4-F66C-7926-DCF1657ED678}</UniqueIdentifier>
    </Filter>
    <Filter Include="dna_engine">
      <UniqueIdentifier>{AD2AAFE0-99E2-F02D-02EA-C989EEC08B1E}</UniqueIdentifier>
    </Filter>
    <Filter Include="dna_engine\Events">
      <UniqueIdentifier>{F171AEA6-5D88-AC3C-A6FF-375E12557DC4}</UniqueIdentifier>
    </Filter>
  </ItemGroup>
  <ItemGroup>
    <ClInclude Include="src\Platform\Windows\WindowsWindow.h">
      <Filter>Platform\Windows</Filter>
    </ClInclude>
    <ClInclude Include="src\dna_engine.h" />
    <ClInclude Include="src\dna_engine\Application.h">
      <Filter>dna_engine</Filter>
    </ClInclude>
    <ClInclude Include="src\dna_engine\Core.h">
      <Filter>dna_engine</Filter>
    </ClInclude>
    <ClInclude Include="src\dna_engine\EntryPoint.h">
      <Filter>dna_engine</Filter>
    </ClInclude>
    <ClInclude Include="src\dna_engine\Events\ApplicationEvent.h">
      <Filter>dna_engine\Events</Filter>
    </ClInclude>
    <ClInclude Include="src\dna_engine\Events\Event.h">
      <Filter>dna_engine\Events</Filter>
    </ClInclude>
    <ClInclude Include="src\dna_engine\Events\KeyEvent.h">
      <Filter>dna_engine\Events</Filter>
    </ClInclude>
    <ClInclude Include="src\dna_engine\Events\MouseEvent.h">
      <Filter>dna_engine\Events</Filter>
    </ClInclude>
    <ClInclude Include="src\dna_engine\Layer.h">
      <Filter>dna_engine</Filter>
    </ClInclude>
    <ClInclude Include="src\dna_engine\LayerStack.h">
      <Filter>dna_engine</Filter>
    </ClInclude>
    <ClInclude Include="src\dna_engine\Log.h">
      <Filter>dna_engine</Filter>
    </ClInclude>
    <ClInclude Include="src\dna_engine\Window.h">
      <Filter>dna_engine</Filter>
    </ClInclude>
    <ClInclude Include="src\dnae_pch.h" />
  </ItemGroup>
  <ItemGroup>
    <ClCompile Include="src\Platform\Windows\WindowsWindow.cpp">
      <Filter>Platform\Windows</Filter>
    </ClCompile>
    <ClCompile Include="src\dna_engine\Application.cpp">
      <Filter>dna_engine</Filter>
    </ClCompile>
    <ClCompile Include="src\dna_engine\Layer.cpp">
      <Filter>dna_engine</Filter>
    </ClCompile>
    <ClCompile Include="src\dna_engine\LayerStack.cpp">
      <Filter>dna_engine</Filter>
    </ClCompile>
    <ClCompile Include="src\dna_engine\Log.cpp">
      <Filter>dna_engine</Filter>
    </ClCompile>
    <ClCompile Include="src\dnae_pch.cpp" />
  </ItemGroup>
</Project>