<?xml version="1.0" encoding="utf-8"?>
<Project ToolsVersion="4.0" xmlns="http://schemas.microsoft.com/developer/msbuild/2003">
  <ItemGroup>
    <Filter Include="dna_engine">
      <UniqueIdentifier>{AD2AAFE0-99E2-F02D-02EA-C989EEC08B1E}</UniqueIdentifier>
    </Filter>
  </ItemGroup>
  <ItemGroup>
    <ClInclude Include="src\dna_engine.h" />
    <ClInclude Include="src\dna_engine\Application.h">
      <Filter>dna_engine</Filter>
    </ClInclude>
    <ClInclude Include="src\dna_engine\Core.h">
      <Filter>dna_engine</Filter>
    </ClInclude>
    <ClInclude Include="src\dna_engine\EntryPoint.h">
      <Filter>dna_engine</Filter>
    </ClInclude>
    <ClInclude Include="src\dna_engine\Log.h">
      <Filter>dna_engine</Filter>
    </ClInclude>
    <ClInclude Include="src\dna_engine\Events\Event.h" />
    <ClInclude Include="src\dna_engine\Events\ApplicationEvent.h" />
    <ClInclude Include="src\dna_engine\Events\KeyEvent.h" />
    <ClInclude Include="src\dna_engine\Events\MouseEvent.h" />
  </ItemGroup>
  <ItemGroup>
    <ClCompile Include="src\dna_engine\Application.cpp">
      <Filter>dna_engine</Filter>
    </ClCompile>
    <ClCompile Include="src\dna_engine\Log.cpp">
      <Filter>dna_engine</Filter>
    </ClCompile>
  </ItemGroup>
</Project>